
Microsoft Visual Studio Solution File, Format Version 12.00
# Visual Studio 15
VisualStudioVersion = 15.0.28307.421
MinimumVisualStudioVersion = 10.0.40219.1
Project("{FAE04EC0-301F-11D3-BF4B-00C04F79EFBC}") = "TestingExample", "TestingExample\TestingExample.csproj", "{2B13AC29-21BA-46AB-B119-EE8BC95FC9AF}"
EndProject
Project("{FAE04EC0-301F-11D3-BF4B-00C04F79EFBC}") = "StringHelperTests", "StringHelperTests\StringHelperTests.csproj", "{B7548183-620B-480D-A91D-3B7FF2594697}"
EndProject
Global
	GlobalSection(SolutionConfigurationPlatforms) = preSolution
		Debug|Any CPU = Debug|Any CPU
		Release|Any CPU = Release|Any CPU
	EndGlobalSection
	GlobalSection(ProjectConfigurationPlatforms) = postSolution
		{2B13AC29-21BA-46AB-B119-EE8BC95FC9AF}.Debug|Any CPU.ActiveCfg = Debug|Any CPU
		{2B13AC29-21BA-46AB-B119-EE8BC95FC9AF}.Debug|Any CPU.Build.0 = Debug|Any CPU
		{2B13AC29-21BA-46AB-B119-EE8BC95FC9AF}.Release|Any CPU.ActiveCfg = Release|Any CPU
		{2B13AC29-21BA-46AB-B119-EE8BC95FC9AF}.Release|Any CPU.Build.0 = Release|Any CPU
		{B7548183-620B-480D-A91D-3B7FF2594697}.Debug|Any CPU.ActiveCfg = Debug|Any CPU
		{B7548183-620B-480D-A91D-3B7FF2594697}.Debug|Any CPU.Build.0 = Debug|Any CPU
		{B7548183-620B-480D-A91D-3B7FF2594697}.Release|Any CPU.ActiveCfg = Release|Any CPU
		{B7548183-620B-480D-A91D-3B7FF2594697}.Release|Any CPU.Build.0 = Release|Any CPU
	EndGlobalSection
	GlobalSection(SolutionProperties) = preSolution
		HideSolutionNode = FALSE
	EndGlobalSection
	GlobalSection(ExtensibilityGlobals) = postSolution
		SolutionGuid = {8E20B89C-99F2-4122-91D1-69620C013EFB}
	EndGlobalSection
EndGlobal
